// !$*UTF8*$!
{
	archiveVersion = 1;
	classes = {
	};
	objectVersion = 50;
	objects = {

/* Begin PBXBuildFile section */
		C252F83D250A4C01007BCB77 /* AppDelegate.swift in Sources */ = {isa = PBXBuildFile; fileRef = C252F83C250A4C01007BCB77 /* AppDelegate.swift */; };
		C252F83F250A4C01007BCB77 /* SceneDelegate.swift in Sources */ = {isa = PBXBuildFile; fileRef = C252F83E250A4C01007BCB77 /* SceneDelegate.swift */; };
		C252F841250A4C01007BCB77 /* LoginViewController.swift in Sources */ = {isa = PBXBuildFile; fileRef = C252F840250A4C01007BCB77 /* LoginViewController.swift */; };
		C252F844250A4C01007BCB77 /* Main.storyboard in Resources */ = {isa = PBXBuildFile; fileRef = C252F842250A4C01007BCB77 /* Main.storyboard */; };
		C252F846250A4C03007BCB77 /* Assets.xcassets in Resources */ = {isa = PBXBuildFile; fileRef = C252F845250A4C03007BCB77 /* Assets.xcassets */; };
		C252F849250A4C03007BCB77 /* LaunchScreen.storyboard in Resources */ = {isa = PBXBuildFile; fileRef = C252F847250A4C03007BCB77 /* LaunchScreen.storyboard */; };
		C252F851250A531A007BCB77 /* RegisterViewController.swift in Sources */ = {isa = PBXBuildFile; fileRef = C252F850250A531A007BCB77 /* RegisterViewController.swift */; };
/* End PBXBuildFile section */

/* Begin PBXFileReference section */
		C252F839250A4C01007BCB77 /* NavigationViewController_tutorial.app */ = {isa = PBXFileReference; explicitFileType = wrapper.application; includeInIndex = 0; path = NavigationViewController_tutorial.app; sourceTree = BUILT_PRODUCTS_DIR; };
		C252F83C250A4C01007BCB77 /* AppDelegate.swift */ = {isa = PBXFileReference; lastKnownFileType = sourcecode.swift; path = AppDelegate.swift; sourceTree = "<group>"; };
		C252F83E250A4C01007BCB77 /* SceneDelegate.swift */ = {isa = PBXFileReference; lastKnownFileType = sourcecode.swift; path = SceneDelegate.swift; sourceTree = "<group>"; };
		C252F840250A4C01007BCB77 /* LoginViewController.swift */ = {isa = PBXFileReference; lastKnownFileType = sourcecode.swift; path = LoginViewController.swift; sourceTree = "<group>"; };
		C252F843250A4C01007BCB77 /* Base */ = {isa = PBXFileReference; lastKnownFileType = file.storyboard; name = Base; path = Base.lproj/Main.storyboard; sourceTree = "<group>"; };
		C252F845250A4C03007BCB77 /* Assets.xcassets */ = {isa = PBXFileReference; lastKnownFileType = folder.assetcatalog; path = Assets.xcassets; sourceTree = "<group>"; };
		C252F848250A4C03007BCB77 /* Base */ = {isa = PBXFileReference; lastKnownFileType = file.storyboard; name = Base; path = Base.lproj/LaunchScreen.storyboard; sourceTree = "<group>"; };
		C252F84A250A4C03007BCB77 /* Info.plist */ = {isa = PBXFileReference; lastKnownFileType = text.plist.xml; path = Info.plist; sourceTree = "<group>"; };
		C252F850250A531A007BCB77 /* RegisterViewController.swift */ = {isa = PBXFileReference; lastKnownFileType = sourcecode.swift; path = RegisterViewController.swift; sourceTree = "<group>"; };
/* End PBXFileReference section */

/* Begin PBXFrameworksBuildPhase section */
		C252F836250A4C01007BCB77 /* Frameworks */ = {
			isa = PBXFrameworksBuildPhase;
			buildActionMask = 2147483647;
			files = (
			);
			runOnlyForDeploymentPostprocessing = 0;
		};
/* End PBXFrameworksBuildPhase section */

/* Begin PBXGroup section */
		C252F830250A4C01007BCB77 = {
			isa = PBXGroup;
			children = (
				C252F83B250A4C01007BCB77 /* NavigationViewController_tutorial */,
				C252F83A250A4C01007BCB77 /* Products */,
			);
			sourceTree = "<group>";
		};
		C252F83A250A4C01007BCB77 /* Products */ = {
			isa = PBXGroup;
			children = (
				C252F839250A4C01007BCB77 /* NavigationViewController_tutorial.app */,
			);
			name = Products;
			sourceTree = "<group>";
		};
		C252F83B250A4C01007BCB77 /* NavigationViewController_tutorial */ = {
			isa = PBXGroup;
			children = (
				C252F852250A532B007BCB77 /* Controllers */,
				C252F83C250A4C01007BCB77 /* AppDelegate.swift */,
				C252F83E250A4C01007BCB77 /* SceneDelegate.swift */,
				C252F842250A4C01007BCB77 /* Main.storyboard */,
				C252F845250A4C03007BCB77 /* Assets.xcassets */,
				C252F847250A4C03007BCB77 /* LaunchScreen.storyboard */,
				C252F84A250A4C03007BCB77 /* Info.plist */,
			);
			path = NavigationViewController_tutorial;
			sourceTree = "<group>";
		};
		C252F852250A532B007BCB77 /* Controllers */ = {
			isa = PBXGroup;
			children = (
				C252F840250A4C01007BCB77 /* LoginViewController.swift */,
				C252F850250A531A007BCB77 /* RegisterViewController.swift */,
			);
			path = Controllers;
			sourceTree = "<group>";
		};
/* End PBXGroup section */

/* Begin PBXNativeTarget section */
		C252F838250A4C01007BCB77 /* NavigationViewController_tutorial */ = {
			isa = PBXNativeTarget;
			buildConfigurationList = C252F84D250A4C03007BCB77 /* Build configuration list for PBXNativeTarget "NavigationViewController_tutorial" */;
			buildPhases = (
				C252F835250A4C01007BCB77 /* Sources */,
				C252F836250A4C01007BCB77 /* Frameworks */,
				C252F837250A4C01007BCB77 /* Resources */,
			);
			buildRules = (
			);
			dependencies = (
			);
			name = NavigationViewController_tutorial;
			productName = NavigationViewController_tutorial;
			productReference = C252F839250A4C01007BCB77 /* NavigationViewController_tutorial.app */;
			productType = "com.apple.product-type.application";
		};
/* End PBXNativeTarget section */

/* Begin PBXProject section */
		C252F831250A4C01007BCB77 /* Project object */ = {
			isa = PBXProject;
			attributes = {
				LastSwiftUpdateCheck = 1170;
				LastUpgradeCheck = 1170;
				ORGANIZATIONNAME = "진예원";
				TargetAttributes = {
					C252F838250A4C01007BCB77 = {
						CreatedOnToolsVersion = 11.7;
					};
				};
			};
			buildConfigurationList = C252F834250A4C01007BCB77 /* Build configuration list for PBXProject "NavigationViewController_tutorial" */;
			compatibilityVersion = "Xcode 9.3";
			developmentRegion = en;
			hasScannedForEncodings = 0;
			knownRegions = (
				en,
				Base,
			);
			mainGroup = C252F830250A4C01007BCB77;
			productRefGroup = C252F83A250A4C01007BCB77 /* Products */;
			projectDirPath = "";
			projectRoot = "";
			targets = (
				C252F838250A4C01007BCB77 /* NavigationViewController_tutorial */,
			);
		};
/* End PBXProject section */

/* Begin PBXResourcesBuildPhase section */
		C252F837250A4C01007BCB77 /* Resources */ = {
			isa = PBXResourcesBuildPhase;
			buildActionMask = 2147483647;
			files = (
				C252F849250A4C03007BCB77 /* LaunchScreen.storyboard in Resources */,
				C252F846250A4C03007BCB77 /* Assets.xcassets in Resources */,
				C252F844250A4C01007BCB77 /* Main.storyboard in Resources */,
			);
			runOnlyForDeploymentPostprocessing = 0;
		};
/* End PBXResourcesBuildPhase section */

/* Begin PBXSourcesBuildPhase section */
		C252F835250A4C01007BCB77 /* Sources */ = {
			isa = PBXSourcesBuildPhase;
			buildActionMask = 2147483647;
			files = (
				C252F841250A4C01007BCB77 /* LoginViewController.swift in Sources */,
				C252F83D250A4C01007BCB77 /* AppDelegate.swift in Sources */,
				C252F83F250A4C01007BCB77 /* SceneDelegate.swift in Sources */,
				C252F851250A531A007BCB77 /* RegisterViewController.swift in Sources */,
			);
			runOnlyForDeploymentPostprocessing = 0;
		};
/* End PBXSourcesBuildPhase section */

/* Begin PBXVariantGroup section */
		C252F842250A4C01007BCB77 /* Main.storyboard */ = {
			isa = PBXVariantGroup;
			children = (
				C252F843250A4C01007BCB77 /* Base */,
			);
			name = Main.storyboard;
			sourceTree = "<group>";
		};
		C252F847250A4C03007BCB77 /* LaunchScreen.storyboard */ = {
			isa = PBXVariantGroup;
			children = (
				C252F848250A4C03007BCB77 /* Base */,
			);
			name = LaunchScreen.storyboard;
			sourceTree = "<group>";
		};
/* End PBXVariantGroup section */

/* Begin XCBuildConfiguration section */
		C252F84B250A4C03007BCB77 /* Debug */ = {
			isa = XCBuildConfiguration;
			buildSettings = {
				ALWAYS_SEARCH_USER_PATHS = NO;
				CLANG_ANALYZER_NONNULL = YES;
				CLANG_ANALYZER_NUMBER_OBJECT_CONVERSION = YES_AGGRESSIVE;
				CLANG_CXX_LANGUAGE_STANDARD = "gnu++14";
				CLANG_CXX_LIBRARY = "libc++";
				CLANG_ENABLE_MODULES = YES;
				CLANG_ENABLE_OBJC_ARC = YES;
				CLANG_ENABLE_OBJC_WEAK = YES;
				CLANG_WARN_BLOCK_CAPTURE_AUTORELEASING = YES;
				CLANG_WARN_BOOL_CONVERSION = YES;
				CLANG_WARN_COMMA = YES;
				CLANG_WARN_CONSTANT_CONVERSION = YES;
				CLANG_WARN_DEPRECATED_OBJC_IMPLEMENTATIONS = YES;
				CLANG_WARN_DIRECT_OBJC_ISA_USAGE = YES_ERROR;
				CLANG_WARN_DOCUMENTATION_COMMENTS = YES;
				CLANG_WARN_EMPTY_BODY = YES;
				CLANG_WARN_ENUM_CONVERSION = YES;
				CLANG_WARN_INFINITE_RECURSION = YES;
				CLANG_WARN_INT_CONVERSION = YES;
				CLANG_WARN_NON_LITERAL_NULL_CONVERSION = YES;
				CLANG_WARN_OBJC_IMPLICIT_RETAIN_SELF = YES;
				CLANG_WARN_OBJC_LITERAL_CONVERSION = YES;
				CLANG_WARN_OBJC_ROOT_CLASS = YES_ERROR;
				CLANG_WARN_RANGE_LOOP_ANALYSIS = YES;
				CLANG_WARN_STRICT_PROTOTYPES = YES;
				CLANG_WARN_SUSPICIOUS_MOVE = YES;
				CLANG_WARN_UNGUARDED_AVAILABILITY = YES_AGGRESSIVE;
				CLANG_WARN_UNREACHABLE_CODE = YES;
				CLANG_WARN__DUPLICATE_METHOD_MATCH = YES;
				COPY_PHASE_STRIP = NO;
				DEBUG_INFORMATION_FORMAT = dwarf;
				ENABLE_STRICT_OBJC_MSGSEND = YES;
				ENABLE_TESTABILITY = YES;
				GCC_C_LANGUAGE_STANDARD = gnu11;
				GCC_DYNAMIC_NO_PIC = NO;
				GCC_NO_COMMON_BLOCKS = YES;
				GCC_OPTIMIZATION_LEVEL = 0;
				GCC_PREPROCESSOR_DEFINITIONS = (
					"DEBUG=1",
					"$(inherited)",
				);
				GCC_WARN_64_TO_32_BIT_CONVERSION = YES;
				GCC_WARN_ABOUT_RETURN_TYPE = YES_ERROR;
				GCC_WARN_UNDECLARED_SELECTOR = YES;
				GCC_WARN_UNINITIALIZED_AUTOS = YES_AGGRESSIVE;
				GCC_WARN_UNUSED_FUNCTION = YES;
				GCC_WARN_UNUSED_VARIABLE = YES;
				IPHONEOS_DEPLOYMENT_TARGET = 13.7;
				MTL_ENABLE_DEBUG_INFO = INCLUDE_SOURCE;
				MTL_FAST_MATH = YES;
				ONLY_ACTIVE_ARCH = YES;
				SDKROOT = iphoneos;
				SWIFT_ACTIVE_COMPILATION_CONDITIONS = DEBUG;
				SWIFT_OPTIMIZATION_LEVEL = "-Onone";
			};
			name = Debug;
		};
		C252F84C250A4C03007BCB77 /* Release */ = {
			isa = XCBuildConfiguration;
			buildSettings = {
				ALWAYS_SEARCH_USER_PATHS = NO;
				CLANG_ANALYZER_NONNULL = YES;
				CLANG_ANALYZER_NUMBER_OBJECT_CONVERSION = YES_AGGRESSIVE;
				CLANG_CXX_LANGUAGE_STANDARD = "gnu++14";
				CLANG_CXX_LIBRARY = "libc++";
				CLANG_ENABLE_MODULES = YES;
				CLANG_ENABLE_OBJC_ARC = YES;
				CLANG_ENABLE_OBJC_WEAK = YES;
				CLANG_WARN_BLOCK_CAPTURE_AUTORELEASING = YES;
				CLANG_WARN_BOOL_CONVERSION = YES;
				CLANG_WARN_COMMA = YES;
				CLANG_WARN_CONSTANT_CONVERSION = YES;
				CLANG_WARN_DEPRECATED_OBJC_IMPLEMENTATIONS = YES;
				CLANG_WARN_DIRECT_OBJC_ISA_USAGE = YES_ERROR;
				CLANG_WARN_DOCUMENTATION_COMMENTS = YES;
				CLANG_WARN_EMPTY_BODY = YES;
				CLANG_WARN_ENUM_CONVERSION = YES;
				CLANG_WARN_INFINITE_RECURSION = YES;
				CLANG_WARN_INT_CONVERSION = YES;
				CLANG_WARN_NON_LITERAL_NULL_CONVERSION = YES;
				CLANG_WARN_OBJC_IMPLICIT_RETAIN_SELF = YES;
				CLANG_WARN_OBJC_LITERAL_CONVERSION = YES;
				CLANG_WARN_OBJC_ROOT_CLASS = YES_ERROR;
				CLANG_WARN_RANGE_LOOP_ANALYSIS = YES;
				CLANG_WARN_STRICT_PROTOTYPES = YES;
				CLANG_WARN_SUSPICIOUS_MOVE = YES;
				CLANG_WARN_UNGUARDED_AVAILABILITY = YES_AGGRESSIVE;
				CLANG_WARN_UNREACHABLE_CODE = YES;
				CLANG_WARN__DUPLICATE_METHOD_MATCH = YES;
				COPY_PHASE_STRIP = NO;
				DEBUG_INFORMATION_FORMAT = "dwarf-with-dsym";
				ENABLE_NS_ASSERTIONS = NO;
				ENABLE_STRICT_OBJC_MSGSEND = YES;
				GCC_C_LANGUAGE_STANDARD = gnu11;
				GCC_NO_COMMON_BLOCKS = YES;
				GCC_WARN_64_TO_32_BIT_CONVERSION = YES;
				GCC_WARN_ABOUT_RETURN_TYPE = YES_ERROR;
				GCC_WARN_UNDECLARED_SELECTOR = YES;
				GCC_WARN_UNINITIALIZED_AUTOS = YES_AGGRESSIVE;
				GCC_WARN_UNUSED_FUNCTION = YES;
				GCC_WARN_UNUSED_VARIABLE = YES;
				IPHONEOS_DEPLOYMENT_TARGET = 13.7;
				MTL_ENABLE_DEBUG_INFO = NO;
				MTL_FAST_MATH = YES;
				SDKROOT = iphoneos;
				SWIFT_COMPILATION_MODE = wholemodule;
				SWIFT_OPTIMIZATION_LEVEL = "-O";
				VALIDATE_PRODUCT = YES;
			};
			name = Release;
		};
		C252F84E250A4C03007BCB77 /* Debug */ = {
			isa = XCBuildConfiguration;
			buildSettings = {
				ASSETCATALOG_COMPILER_APPICON_NAME = AppIcon;
				CODE_SIGN_STYLE = Automatic;
				DEVELOPMENT_TEAM = 96W5YVRK4V;
				INFOPLIST_FILE = NavigationViewController_tutorial/Info.plist;
				LD_RUNPATH_SEARCH_PATHS = (
					"$(inherited)",
					"@executable_path/Frameworks",
				);
				PRODUCT_BUNDLE_IDENTIFIER = "yewon.NavigationViewController-tutorial";
				PRODUCT_NAME = "$(TARGET_NAME)";
				SWIFT_VERSION = 5.0;
				TARGETED_DEVICE_FAMILY = "1,2";
			};
			name = Debug;
		};
		C252F84F250A4C03007BCB77 /* Release */ = {
			isa = XCBuildConfiguration;
			buildSettings = {
				ASSETCATALOG_COMPILER_APPICON_NAME = AppIcon;
				CODE_SIGN_STYLE = Automatic;
				DEVELOPMENT_TEAM = 96W5YVRK4V;
				INFOPLIST_FILE = NavigationViewController_tutorial/Info.plist;
				LD_RUNPATH_SEARCH_PATHS = (
					"$(inherited)",
					"@executable_path/Frameworks",
				);
				PRODUCT_BUNDLE_IDENTIFIER = "yewon.NavigationViewController-tutorial";
				PRODUCT_NAME = "$(TARGET_NAME)";
				SWIFT_VERSION = 5.0;
				TARGETED_DEVICE_FAMILY = "1,2";
			};
			name = Release;
		};
/* End XCBuildConfiguration section */

/* Begin XCConfigurationList section */
		C252F834250A4C01007BCB77 /* Build configuration list for PBXProject "NavigationViewController_tutorial" */ = {
			isa = XCConfigurationList;
			buildConfigurations = (
				C252F84B250A4C03007BCB77 /* Debug */,
				C252F84C250A4C03007BCB77 /* Release */,
			);
			defaultConfigurationIsVisible = 0;
			defaultConfigurationName = Release;
		};
		C252F84D250A4C03007BCB77 /* Build configuration list for PBXNativeTarget "NavigationViewController_tutorial" */ = {
			isa = XCConfigurationList;
			buildConfigurations = (
				C252F84E250A4C03007BCB77 /* Debug */,
				C252F84F250A4C03007BCB77 /* Release */,
			);
			defaultConfigurationIsVisible = 0;
			defaultConfigurationName = Release;
		};
/* End XCConfigurationList section */
	};
	rootObject = C252F831250A4C01007BCB77 /* Project object */;
}
